
Microsoft Visual Studio Solution File, Format Version 12.00
# Visual Studio 14
VisualStudioVersion = 14.0.23107.0
MinimumVisualStudioVersion = 10.0.40219.1
Project("{FAE04EC0-301F-11D3-BF4B-00C04F79EFBC}") = "Config", "Config\Config.csproj", "{6DAE2952-CAE0-40C0-BA86-F1144BD94F6E}"
EndProject
Project("{FAE04EC0-301F-11D3-BF4B-00C04F79EFBC}") = "ConfigTree", "ConfigTree\ConfigTree.csproj", "{8AE79374-260E-4450-AAEA-9302CA1B0FD3}"
EndProject
Project("{FAE04EC0-301F-11D3-BF4B-00C04F79EFBC}") = "Generator", "Generator\Generator.csproj", "{12E76CEB-94CC-4C84-8798-3B07FF4F9B90}"
EndProject
Project("{FAE04EC0-301F-11D3-BF4B-00C04F79EFBC}") = "Compiler", "Compiler\Compiler.csproj", "{B431D8D1-0DEF-43C3-B1E5-4A7A359ECC57}"
EndProject
Global
	GlobalSection(SolutionConfigurationPlatforms) = preSolution
		Debug|Any CPU = Debug|Any CPU
		Release|Any CPU = Release|Any CPU
	EndGlobalSection
	GlobalSection(ProjectConfigurationPlatforms) = postSolution
		{6DAE2952-CAE0-40C0-BA86-F1144BD94F6E}.Debug|Any CPU.ActiveCfg = Debug|Any CPU
		{6DAE2952-CAE0-40C0-BA86-F1144BD94F6E}.Debug|Any CPU.Build.0 = Debug|Any CPU
		{6DAE2952-CAE0-40C0-BA86-F1144BD94F6E}.Release|Any CPU.ActiveCfg = Release|Any CPU
		{6DAE2952-CAE0-40C0-BA86-F1144BD94F6E}.Release|Any CPU.Build.0 = Release|Any CPU
		{8AE79374-260E-4450-AAEA-9302CA1B0FD3}.Debug|Any CPU.ActiveCfg = Debug|Any CPU
		{8AE79374-260E-4450-AAEA-9302CA1B0FD3}.Debug|Any CPU.Build.0 = Debug|Any CPU
		{8AE79374-260E-4450-AAEA-9302CA1B0FD3}.Release|Any CPU.ActiveCfg = Release|Any CPU
		{8AE79374-260E-4450-AAEA-9302CA1B0FD3}.Release|Any CPU.Build.0 = Release|Any CPU
		{12E76CEB-94CC-4C84-8798-3B07FF4F9B90}.Debug|Any CPU.ActiveCfg = Debug|Any CPU
		{12E76CEB-94CC-4C84-8798-3B07FF4F9B90}.Debug|Any CPU.Build.0 = Debug|Any CPU
		{12E76CEB-94CC-4C84-8798-3B07FF4F9B90}.Release|Any CPU.ActiveCfg = Release|Any CPU
		{12E76CEB-94CC-4C84-8798-3B07FF4F9B90}.Release|Any CPU.Build.0 = Release|Any CPU
		{B431D8D1-0DEF-43C3-B1E5-4A7A359ECC57}.Debug|Any CPU.ActiveCfg = Debug|Any CPU
		{B431D8D1-0DEF-43C3-B1E5-4A7A359ECC57}.Debug|Any CPU.Build.0 = Debug|Any CPU
		{B431D8D1-0DEF-43C3-B1E5-4A7A359ECC57}.Release|Any CPU.ActiveCfg = Release|Any CPU
		{B431D8D1-0DEF-43C3-B1E5-4A7A359ECC57}.Release|Any CPU.Build.0 = Release|Any CPU
	EndGlobalSection
	GlobalSection(SolutionProperties) = preSolution
		HideSolutionNode = FALSE
	EndGlobalSection
EndGlobal
